
Microsoft Visual Studio Solution File, Format Version 12.00
# Visual Studio Version 16
VisualStudioVersion = 16.0.31729.503
MinimumVisualStudioVersion = 10.0.40219.1
Project("{FAE04EC0-301F-11D3-BF4B-00C04F79EFBC}") = "HotelCrown", "HotelCrown\HotelCrown.csproj", "{FBA3F8F9-D077-4558-A161-1B42C19790EB}"
EndProject
Global
	GlobalSection(SolutionConfigurationPlatforms) = preSolution
		Debug|Any CPU = Debug|Any CPU
		Release|Any CPU = Release|Any CPU
	EndGlobalSection
	GlobalSection(ProjectConfigurationPlatforms) = postSolution
		{FBA3F8F9-D077-4558-A161-1B42C19790EB}.Debug|Any CPU.ActiveCfg = Debug|Any CPU
		{FBA3F8F9-D077-4558-A161-1B42C19790EB}.Debug|Any CPU.Build.0 = Debug|Any CPU
		{FBA3F8F9-D077-4558-A161-1B42C19790EB}.Release|Any CPU.ActiveCfg = Release|Any CPU
		{FBA3F8F9-D077-4558-A161-1B42C19790EB}.Release|Any CPU.Build.0 = Release|Any CPU
	EndGlobalSection
	GlobalSection(SolutionProperties) = preSolution
		HideSolutionNode = FALSE
	EndGlobalSection
	GlobalSection(ExtensibilityGlobals) = postSolution
		SolutionGuid = {667B1DA7-BBB7-4FBA-94EE-46266731F5EC}
	EndGlobalSection
EndGlobal
